
Microsoft Visual Studio Solution File, Format Version 12.00
# Visual Studio Version 17
VisualStudioVersion = 17.9.34728.123
MinimumVisualStudioVersion = 10.0.40219.1
Project("{FAE04EC0-301F-11D3-BF4B-00C04F79EFBC}") = "Exercicio_Separar_Vogais_Consoantes", "Exercicio_Separar_Vogais_Consoantes\Exercicio_Separar_Vogais_Consoantes.csproj", "{3F90CFA9-7CA9-4946-87CB-DDF91E4F8DBD}"
EndProject
Global
	GlobalSection(SolutionConfigurationPlatforms) = preSolution
		Debug|Any CPU = Debug|Any CPU
		Release|Any CPU = Release|Any CPU
	EndGlobalSection
	GlobalSection(ProjectConfigurationPlatforms) = postSolution
		{3F90CFA9-7CA9-4946-87CB-DDF91E4F8DBD}.Debug|Any CPU.ActiveCfg = Debug|Any CPU
		{3F90CFA9-7CA9-4946-87CB-DDF91E4F8DBD}.Debug|Any CPU.Build.0 = Debug|Any CPU
		{3F90CFA9-7CA9-4946-87CB-DDF91E4F8DBD}.Release|Any CPU.ActiveCfg = Release|Any CPU
		{3F90CFA9-7CA9-4946-87CB-DDF91E4F8DBD}.Release|Any CPU.Build.0 = Release|Any CPU
	EndGlobalSection
	GlobalSection(SolutionProperties) = preSolution
		HideSolutionNode = FALSE
	EndGlobalSection
	GlobalSection(ExtensibilityGlobals) = postSolution
		SolutionGuid = {784D2A4F-794C-4D37-BF41-2CB73E8BE58A}
	EndGlobalSection
EndGlobal
