
Microsoft Visual Studio Solution File, Format Version 12.00
# Visual Studio Version 17
VisualStudioVersion = 17.9.34728.123
MinimumVisualStudioVersion = 10.0.40219.1
Project("{FAE04EC0-301F-11D3-BF4B-00C04F79EFBC}") = "Exercicio_Tipos_Triangulo", "Exercicio_Tipos_Triangulo\Exercicio_Tipos_Triangulo.csproj", "{C753E5AD-39D1-4D5F-8256-90FBAF6C8E6A}"
EndProject
Global
	GlobalSection(SolutionConfigurationPlatforms) = preSolution
		Debug|Any CPU = Debug|Any CPU
		Release|Any CPU = Release|Any CPU
	EndGlobalSection
	GlobalSection(ProjectConfigurationPlatforms) = postSolution
		{C753E5AD-39D1-4D5F-8256-90FBAF6C8E6A}.Debug|Any CPU.ActiveCfg = Debug|Any CPU
		{C753E5AD-39D1-4D5F-8256-90FBAF6C8E6A}.Debug|Any CPU.Build.0 = Debug|Any CPU
		{C753E5AD-39D1-4D5F-8256-90FBAF6C8E6A}.Release|Any CPU.ActiveCfg = Release|Any CPU
		{C753E5AD-39D1-4D5F-8256-90FBAF6C8E6A}.Release|Any CPU.Build.0 = Release|Any CPU
	EndGlobalSection
	GlobalSection(SolutionProperties) = preSolution
		HideSolutionNode = FALSE
	EndGlobalSection
	GlobalSection(ExtensibilityGlobals) = postSolution
		SolutionGuid = {47BE9203-6AE4-4CF6-A901-CD926C9AB4CD}
	EndGlobalSection
EndGlobal
