
Microsoft Visual Studio Solution File, Format Version 12.00
# Visual Studio Version 17
VisualStudioVersion = 17.9.34728.123
MinimumVisualStudioVersion = 10.0.40219.1
Project("{FAE04EC0-301F-11D3-BF4B-00C04F79EFBC}") = "Numero_Primo", "Numero_Primo\Numero_Primo.csproj", "{05C66E3A-083E-4440-8A9A-B38E1B0CF49F}"
EndProject
Global
	GlobalSection(SolutionConfigurationPlatforms) = preSolution
		Debug|Any CPU = Debug|Any CPU
		Release|Any CPU = Release|Any CPU
	EndGlobalSection
	GlobalSection(ProjectConfigurationPlatforms) = postSolution
		{05C66E3A-083E-4440-8A9A-B38E1B0CF49F}.Debug|Any CPU.ActiveCfg = Debug|Any CPU
		{05C66E3A-083E-4440-8A9A-B38E1B0CF49F}.Debug|Any CPU.Build.0 = Debug|Any CPU
		{05C66E3A-083E-4440-8A9A-B38E1B0CF49F}.Release|Any CPU.ActiveCfg = Release|Any CPU
		{05C66E3A-083E-4440-8A9A-B38E1B0CF49F}.Release|Any CPU.Build.0 = Release|Any CPU
	EndGlobalSection
	GlobalSection(SolutionProperties) = preSolution
		HideSolutionNode = FALSE
	EndGlobalSection
	GlobalSection(ExtensibilityGlobals) = postSolution
		SolutionGuid = {0CB7965A-A323-49A8-B8E0-A4A548967EAD}
	EndGlobalSection
EndGlobal
